
Microsoft Visual Studio Solution File, Format Version 12.00
# Visual Studio Express 15 for Windows Desktop
VisualStudioVersion = 15.0.27703.2047
MinimumVisualStudioVersion = 10.0.40219.1
Project("{FAE04EC0-301F-11D3-BF4B-00C04F79EFBC}") = "UserManagement", "UserManagement\UserManagement.csproj", "{6FEDE641-D2FD-4EFE-86F0-42FBE314A3C4}"
EndProject
Project("{FAE04EC0-301F-11D3-BF4B-00C04F79EFBC}") = "ImageViewer", "ImageViewer\ImageViewer.csproj", "{AD23C9FD-FB64-4572-9B65-1E7C55A72860}"
EndProject
Project("{FAE04EC0-301F-11D3-BF4B-00C04F79EFBC}") = "ImageViewer2", "ImageViewer2\ImageViewer2.csproj", "{A5291355-E4F7-475F-8B20-1F6262CFE3F9}"
EndProject
Project("{FAE04EC0-301F-11D3-BF4B-00C04F79EFBC}") = "TestApp", "TestApp\TestApp.csproj", "{E031AECB-5910-47CD-9EDC-FF2AF4ADF506}"
EndProject
Project("{FAE04EC0-301F-11D3-BF4B-00C04F79EFBC}") = "UserControlTest", "UserControlTest\UserControlTest.csproj", "{EC3FEAD6-76F8-4B71-B315-676994AAE939}"
EndProject
Global
	GlobalSection(SolutionConfigurationPlatforms) = preSolution
		Debug|Any CPU = Debug|Any CPU
		Release|Any CPU = Release|Any CPU
	EndGlobalSection
	GlobalSection(ProjectConfigurationPlatforms) = postSolution
		{6FEDE641-D2FD-4EFE-86F0-42FBE314A3C4}.Debug|Any CPU.ActiveCfg = Debug|Any CPU
		{6FEDE641-D2FD-4EFE-86F0-42FBE314A3C4}.Debug|Any CPU.Build.0 = Debug|Any CPU
		{6FEDE641-D2FD-4EFE-86F0-42FBE314A3C4}.Release|Any CPU.ActiveCfg = Release|Any CPU
		{6FEDE641-D2FD-4EFE-86F0-42FBE314A3C4}.Release|Any CPU.Build.0 = Release|Any CPU
		{AD23C9FD-FB64-4572-9B65-1E7C55A72860}.Debug|Any CPU.ActiveCfg = Debug|Any CPU
		{AD23C9FD-FB64-4572-9B65-1E7C55A72860}.Debug|Any CPU.Build.0 = Debug|Any CPU
		{AD23C9FD-FB64-4572-9B65-1E7C55A72860}.Release|Any CPU.ActiveCfg = Release|Any CPU
		{AD23C9FD-FB64-4572-9B65-1E7C55A72860}.Release|Any CPU.Build.0 = Release|Any CPU
		{A5291355-E4F7-475F-8B20-1F6262CFE3F9}.Debug|Any CPU.ActiveCfg = Debug|Any CPU
		{A5291355-E4F7-475F-8B20-1F6262CFE3F9}.Debug|Any CPU.Build.0 = Debug|Any CPU
		{A5291355-E4F7-475F-8B20-1F6262CFE3F9}.Release|Any CPU.ActiveCfg = Release|Any CPU
		{A5291355-E4F7-475F-8B20-1F6262CFE3F9}.Release|Any CPU.Build.0 = Release|Any CPU
		{E031AECB-5910-47CD-9EDC-FF2AF4ADF506}.Debug|Any CPU.ActiveCfg = Debug|Any CPU
		{E031AECB-5910-47CD-9EDC-FF2AF4ADF506}.Debug|Any CPU.Build.0 = Debug|Any CPU
		{E031AECB-5910-47CD-9EDC-FF2AF4ADF506}.Release|Any CPU.ActiveCfg = Release|Any CPU
		{E031AECB-5910-47CD-9EDC-FF2AF4ADF506}.Release|Any CPU.Build.0 = Release|Any CPU
		{EC3FEAD6-76F8-4B71-B315-676994AAE939}.Debug|Any CPU.ActiveCfg = Debug|Any CPU
		{EC3FEAD6-76F8-4B71-B315-676994AAE939}.Debug|Any CPU.Build.0 = Debug|Any CPU
		{EC3FEAD6-76F8-4B71-B315-676994AAE939}.Release|Any CPU.ActiveCfg = Release|Any CPU
		{EC3FEAD6-76F8-4B71-B315-676994AAE939}.Release|Any CPU.Build.0 = Release|Any CPU
	EndGlobalSection
	GlobalSection(SolutionProperties) = preSolution
		HideSolutionNode = FALSE
	EndGlobalSection
	GlobalSection(ExtensibilityGlobals) = postSolution
		SolutionGuid = {73CF67CC-BDD0-4D23-B537-CDA1E25252F8}
	EndGlobalSection
EndGlobal
