
Microsoft Visual Studio Solution File, Format Version 12.00
# Visual Studio Express 15 for Windows Desktop
VisualStudioVersion = 15.0.27703.2047
MinimumVisualStudioVersion = 10.0.40219.1
Project("{FAE04EC0-301F-11D3-BF4B-00C04F79EFBC}") = "StreamWriterCheck", "StreamWriterCheck\StreamWriterCheck.csproj", "{FD7D7808-45AF-40FC-A665-F1AC1B017121}"
EndProject
Global
	GlobalSection(SolutionConfigurationPlatforms) = preSolution
		Debug|Any CPU = Debug|Any CPU
		Release|Any CPU = Release|Any CPU
	EndGlobalSection
	GlobalSection(ProjectConfigurationPlatforms) = postSolution
		{FD7D7808-45AF-40FC-A665-F1AC1B017121}.Debug|Any CPU.ActiveCfg = Debug|Any CPU
		{FD7D7808-45AF-40FC-A665-F1AC1B017121}.Debug|Any CPU.Build.0 = Debug|Any CPU
		{FD7D7808-45AF-40FC-A665-F1AC1B017121}.Release|Any CPU.ActiveCfg = Release|Any CPU
		{FD7D7808-45AF-40FC-A665-F1AC1B017121}.Release|Any CPU.Build.0 = Release|Any CPU
	EndGlobalSection
	GlobalSection(SolutionProperties) = preSolution
		HideSolutionNode = FALSE
	EndGlobalSection
	GlobalSection(ExtensibilityGlobals) = postSolution
		SolutionGuid = {49D031A8-5D87-4724-ADDA-4FCE1037E086}
	EndGlobalSection
EndGlobal
